<?xml version="1.0" encoding="UTF-8"?>
<Scheme LastUpgradeVersion="2700" version="1.3"><BuildAction parallelizeBuildables="YES" buildImplicitDependencies="YES"><BuildActionEntries><BuildActionEntry buildForTesting="YES" buildForRunning="YES" buildForProfiling="YES" buildForArchiving="YES" buildForAnalyzing="YES"><BuildableReference BuildableIdentifier="primary" BlueprintIdentifier="7D1043473D55BFA90E8530D3" BuildableName="TransitionHarness.app" BlueprintName="TransitionHarness" ReferencedContainer="container:TransitionHarness.xcodeproj"/></BuildActionEntry></BuildActionEntries></BuildAction><TestAction buildConfiguration="Debug" shouldUseLaunchSchemeArgsEnv="YES"><Testables><TestableReference skipped="NO"><BuildableReference BuildableIdentifier="primary" BlueprintIdentifier="A94A8FE5CCB19BA61C4C0873" BuildableName="TransitionHarnessUITests.xctest" BlueprintName="TransitionHarnessUITests" ReferencedContainer="container:TransitionHarness.xcodeproj"/></TestableReference></Testables></TestAction><LaunchAction buildConfiguration="Debug" useCustomWorkingDirectory="NO" ignoresPersistentStateOnLaunch="NO" debugServiceExtension="internal" allowLocationSimulation="YES"><BuildableProductRunnable runnableDebuggingMode="0"><BuildableReference BuildableIdentifier="primary" BlueprintIdentifier="7D1043473D55BFA90E8530D3" BuildableName="TransitionHarness.app" BlueprintName="TransitionHarness" ReferencedContainer="container:TransitionHarness.xcodeproj"/></BuildableProductRunnable></LaunchAction><ProfileAction buildConfiguration="Release"><BuildableProductRunnable runnableDebuggingMode="0"><BuildableReference BuildableIdentifier="primary" BlueprintIdentifier="7D1043473D55BFA90E8530D3" BuildableName="TransitionHarness.app" BlueprintName="TransitionHarness" ReferencedContainer="container:TransitionHarness.xcodeproj"/></BuildableProductRunnable></ProfileAction><AnalyzeAction buildConfiguration="Debug"/><ArchiveAction buildConfiguration="Release" revealArchiveInOrganizer="YES"/></Scheme>