// !$*UTF8*$!
{archiveVersion = 1; classes = {}; objectVersion = 60; objects = {
05FAC94380A70241F23780E7 = {isa = PBXFileReference; lastKnownFileType = image.png; path = "../RocoNative/Resources/PrototypeContent/JL_miaomiao.png"; sourceTree = SOURCE_ROOT;};
06F5DC629BD46AAFD46564D1 = {isa = PBXResourcesBuildPhase; buildActionMask = 2147483647; files = (C1FFFB61196F8C993C0041FD,); runOnlyForDeploymentPostprocessing = 0;};
12384B5908BE5FE5B3301CEE = {isa = PBXFrameworksBuildPhase; buildActionMask = 2147483647; files = (); runOnlyForDeploymentPostprocessing = 0;};
2D764CD838DB39F040AA7EC4 = {isa = PBXSourcesBuildPhase; buildActionMask = 2147483647; files = (79AB867F71DE996C67CC9244,FC9AF8BA2D2E66ED7D007CA2,); runOnlyForDeploymentPostprocessing = 0;};
4E783A9E10D2A8ABA38CD11C = {isa = PBXFileReference; explicitFileType = wrapper.application; path = TransitionHarness.app; sourceTree = BUILT_PRODUCTS_DIR;};
5A8C91857F674E16E2724F47 = {isa = XCBuildConfiguration; buildSettings = {IPHONEOS_DEPLOYMENT_TARGET = 27.0;SWIFT_VERSION = 6.0;SDKROOT = iphoneos;TARGETED_DEVICE_FAMILY = "1,2";SWIFT_STRICT_CONCURRENCY = complete;SWIFT_APPROACHABLE_CONCURRENCY = YES;CLANG_ENABLE_MODULES = YES;CLANG_ENABLE_OBJC_ARC = YES;SWIFT_OPTIMIZATION_LEVEL = "-O";ENABLE_TESTABILITY = YES;PRODUCT_NAME = "$(TARGET_NAME)";PRODUCT_BUNDLE_IDENTIFIER = "top.aoe.rocom.transition-harness";GENERATE_INFOPLIST_FILE = YES;CODE_SIGN_STYLE = Automatic;SWIFT_DEFAULT_ACTOR_ISOLATION = MainActor;INFOPLIST_KEY_CFBundleDisplayName = "P0 Zoom Lab";INFOPLIST_KEY_UILaunchScreen_Generation = YES;INFOPLIST_KEY_UIApplicationSceneManifest_Generation = YES;INFOPLIST_KEY_UISupportedInterfaceOrientations = "UIInterfaceOrientationPortrait";}; name = Release;};
64292B1C2B2E13EAD8788FC8 = {isa = PBXGroup; children = (BF7A2787788370CD5535C147,E381F44776E3883F48D552DF,999DC7D70A1DE9922762C5B9,05FAC94380A70241F23780E7,FBDC4F23F93125BBEEAE800C,); sourceTree = "<group>";};
6C7CCDEB3609F1FAA874E941 = {isa = PBXFileReference; explicitFileType = wrapper.cfbundle; path = TransitionHarnessUITests.xctest; sourceTree = BUILT_PRODUCTS_DIR;};
79AB867F71DE996C67CC9244 = {isa = PBXBuildFile; fileRef = BF7A2787788370CD5535C147;};
7D1043473D55BFA90E8530D3 = {isa = PBXNativeTarget; buildConfigurationList = F37922C48DA5978D02C9E50E; buildPhases = (2D764CD838DB39F040AA7EC4,12384B5908BE5FE5B3301CEE,06F5DC629BD46AAFD46564D1,); buildRules = (); dependencies = (); name = TransitionHarness; productReference = 4E783A9E10D2A8ABA38CD11C; productType = "com.apple.product-type.application";};
862894B703A6DEDF96A9DD6C = {isa = XCConfigurationList; buildConfigurations = (89E1FD6268CC0F221A2BE178,E6DE6C99132752C914FEF632,); defaultConfigurationIsVisible = 0; defaultConfigurationName = Debug;};
89E1FD6268CC0F221A2BE178 = {isa = XCBuildConfiguration; buildSettings = {IPHONEOS_DEPLOYMENT_TARGET = 27.0;SWIFT_VERSION = 6.0;SDKROOT = iphoneos;TARGETED_DEVICE_FAMILY = "1,2";SWIFT_STRICT_CONCURRENCY = complete;SWIFT_APPROACHABLE_CONCURRENCY = YES;CLANG_ENABLE_MODULES = YES;CLANG_ENABLE_OBJC_ARC = YES;SWIFT_OPTIMIZATION_LEVEL = "-Onone";ENABLE_TESTABILITY = YES;}; name = Debug;};
942EEBBACD6C88CAE7F29B29 = {isa = XCBuildConfiguration; buildSettings = {IPHONEOS_DEPLOYMENT_TARGET = 27.0;SWIFT_VERSION = 6.0;SDKROOT = iphoneos;TARGETED_DEVICE_FAMILY = "1,2";SWIFT_STRICT_CONCURRENCY = complete;SWIFT_APPROACHABLE_CONCURRENCY = YES;CLANG_ENABLE_MODULES = YES;CLANG_ENABLE_OBJC_ARC = YES;SWIFT_OPTIMIZATION_LEVEL = "-O";ENABLE_TESTABILITY = YES;PRODUCT_NAME = "$(TARGET_NAME)";PRODUCT_BUNDLE_IDENTIFIER = "top.aoe.rocom.transition-harness.uitests";GENERATE_INFOPLIST_FILE = YES;CODE_SIGN_STYLE = Automatic;SWIFT_DEFAULT_ACTOR_ISOLATION = nonisolated;TEST_TARGET_NAME = TransitionHarness;}; name = Release;};
98F54143AB4E86B28C3AFEE0 = {isa = PBXProject; attributes = {LastUpgradeCheck = 2700; TargetAttributes = {A94A8FE5CCB19BA61C4C0873 = {TestTargetID = 7D1043473D55BFA90E8530D3;};};}; buildConfigurationList = 862894B703A6DEDF96A9DD6C; compatibilityVersion = "Xcode 14.0"; developmentRegion = en; knownRegions = (en, Base); mainGroup = 64292B1C2B2E13EAD8788FC8; productRefGroup = FBDC4F23F93125BBEEAE800C; projectDirPath = ""; projectRoot = ""; targets = (7D1043473D55BFA90E8530D3,A94A8FE5CCB19BA61C4C0873,);};
999DC7D70A1DE9922762C5B9 = {isa = PBXFileReference; lastKnownFileType = sourcecode.swift; path = "Tests/ExperimentTests.swift"; sourceTree = SOURCE_ROOT;};
99C7943D90D870A50ADE9160 = {isa = PBXFrameworksBuildPhase; buildActionMask = 2147483647; files = (); runOnlyForDeploymentPostprocessing = 0;};
9F3002A5D69B22D357A58AA9 = {isa = PBXSourcesBuildPhase; buildActionMask = 2147483647; files = (AFB9AE0B14DC92BBC9FEDF98,); runOnlyForDeploymentPostprocessing = 0;};
A94A8FE5CCB19BA61C4C0873 = {isa = PBXNativeTarget; buildConfigurationList = BECB265224D91761C05FDA33; buildPhases = (9F3002A5D69B22D357A58AA9,99C7943D90D870A50ADE9160,C584AE92222380FB29B6223F,); buildRules = (); dependencies = (E9FAD0C6CD43534327C0AF90,); name = TransitionHarnessUITests; productReference = 6C7CCDEB3609F1FAA874E941; productType = "com.apple.product-type.bundle.ui-testing";};
AFB9AE0B14DC92BBC9FEDF98 = {isa = PBXBuildFile; fileRef = 999DC7D70A1DE9922762C5B9;};
BECB265224D91761C05FDA33 = {isa = XCConfigurationList; buildConfigurations = (FCB48D8F88BCDB0ED9FADFD7,942EEBBACD6C88CAE7F29B29,); defaultConfigurationIsVisible = 0; defaultConfigurationName = Debug;};
BF7A2787788370CD5535C147 = {isa = PBXFileReference; lastKnownFileType = sourcecode.swift; path = "App/HarnessApp.swift"; sourceTree = SOURCE_ROOT;};
C1FFFB61196F8C993C0041FD = {isa = PBXBuildFile; fileRef = 05FAC94380A70241F23780E7;};
C584AE92222380FB29B6223F = {isa = PBXResourcesBuildPhase; buildActionMask = 2147483647; files = (); runOnlyForDeploymentPostprocessing = 0;};
D799BAE6088A90139B415FCC = {isa = PBXContainerItemProxy; containerPortal = 98F54143AB4E86B28C3AFEE0; proxyType = 1; remoteGlobalIDString = 7D1043473D55BFA90E8530D3; remoteInfo = TransitionHarness;};
E381F44776E3883F48D552DF = {isa = PBXFileReference; lastKnownFileType = sourcecode.swift; path = "App/Trace.swift"; sourceTree = SOURCE_ROOT;};
E6DE6C99132752C914FEF632 = {isa = XCBuildConfiguration; buildSettings = {IPHONEOS_DEPLOYMENT_TARGET = 27.0;SWIFT_VERSION = 6.0;SDKROOT = iphoneos;TARGETED_DEVICE_FAMILY = "1,2";SWIFT_STRICT_CONCURRENCY = complete;SWIFT_APPROACHABLE_CONCURRENCY = YES;CLANG_ENABLE_MODULES = YES;CLANG_ENABLE_OBJC_ARC = YES;SWIFT_OPTIMIZATION_LEVEL = "-O";ENABLE_TESTABILITY = YES;}; name = Release;};
E9B2E96ABC5F6856F2BE79CF = {isa = XCBuildConfiguration; buildSettings = {IPHONEOS_DEPLOYMENT_TARGET = 27.0;SWIFT_VERSION = 6.0;SDKROOT = iphoneos;TARGETED_DEVICE_FAMILY = "1,2";SWIFT_STRICT_CONCURRENCY = complete;SWIFT_APPROACHABLE_CONCURRENCY = YES;CLANG_ENABLE_MODULES = YES;CLANG_ENABLE_OBJC_ARC = YES;SWIFT_OPTIMIZATION_LEVEL = "-Onone";ENABLE_TESTABILITY = YES;PRODUCT_NAME = "$(TARGET_NAME)";PRODUCT_BUNDLE_IDENTIFIER = "top.aoe.rocom.transition-harness";GENERATE_INFOPLIST_FILE = YES;CODE_SIGN_STYLE = Automatic;SWIFT_DEFAULT_ACTOR_ISOLATION = MainActor;INFOPLIST_KEY_CFBundleDisplayName = "P0 Zoom Lab";INFOPLIST_KEY_UILaunchScreen_Generation = YES;INFOPLIST_KEY_UIApplicationSceneManifest_Generation = YES;INFOPLIST_KEY_UISupportedInterfaceOrientations = "UIInterfaceOrientationPortrait";}; name = Debug;};
E9FAD0C6CD43534327C0AF90 = {isa = PBXTargetDependency; target = 7D1043473D55BFA90E8530D3; targetProxy = D799BAE6088A90139B415FCC;};
F37922C48DA5978D02C9E50E = {isa = XCConfigurationList; buildConfigurations = (E9B2E96ABC5F6856F2BE79CF,5A8C91857F674E16E2724F47,); defaultConfigurationIsVisible = 0; defaultConfigurationName = Debug;};
FBDC4F23F93125BBEEAE800C = {isa = PBXGroup; children = (4E783A9E10D2A8ABA38CD11C,6C7CCDEB3609F1FAA874E941,); name = Products; sourceTree = "<group>";};
FC9AF8BA2D2E66ED7D007CA2 = {isa = PBXBuildFile; fileRef = E381F44776E3883F48D552DF;};
FCB48D8F88BCDB0ED9FADFD7 = {isa = XCBuildConfiguration; buildSettings = {IPHONEOS_DEPLOYMENT_TARGET = 27.0;SWIFT_VERSION = 6.0;SDKROOT = iphoneos;TARGETED_DEVICE_FAMILY = "1,2";SWIFT_STRICT_CONCURRENCY = complete;SWIFT_APPROACHABLE_CONCURRENCY = YES;CLANG_ENABLE_MODULES = YES;CLANG_ENABLE_OBJC_ARC = YES;SWIFT_OPTIMIZATION_LEVEL = "-Onone";ENABLE_TESTABILITY = YES;PRODUCT_NAME = "$(TARGET_NAME)";PRODUCT_BUNDLE_IDENTIFIER = "top.aoe.rocom.transition-harness.uitests";GENERATE_INFOPLIST_FILE = YES;CODE_SIGN_STYLE = Automatic;SWIFT_DEFAULT_ACTOR_ISOLATION = nonisolated;TEST_TARGET_NAME = TransitionHarness;}; name = Debug;};
}; rootObject = 98F54143AB4E86B28C3AFEE0;}
